// !$*UTF8*$!
{
	archiveVersion = 1;
	classes = {
	};
	objectVersion = 56;
	objects = {

/* Begin PBXBuildFile section */
		9C94B7742C59950B001C455C /* testxcodeApp.swift in Sources */ = {isa = PBXBuildFile; fileRef = 9C94B7732C59950B001C455C /* testxcodeApp.swift */; };
		9C94B7762C59950B001C455C /* ContentView.swift in Sources */ = {isa = PBXBuildFile; fileRef = 9C94B7752C59950B001C455C /* ContentView.swift */; };
		9C94B7782C59950D001C455C /* Assets.xcassets in Resources */ = {isa = PBXBuildFile; fileRef = 9C94B7772C59950D001C455C /* Assets.xcassets */; };
		9C94B77B2C59950D001C455C /* Preview Assets.xcassets in Resources */ = {isa = PBXBuildFile; fileRef = 9C94B77A2C59950D001C455C /* Preview Assets.xcassets */; };
		9C94B7852C59950D001C455C /* testxcodeTests.swift in Sources */ = {isa = PBXBuildFile; fileRef = 9C94B7842C59950D001C455C /* testxcodeTests.swift */; };
		9C94B78F2C59950E001C455C /* testxcodeUITests.swift in Sources */ = {isa = PBXBuildFile; fileRef = 9C94B78E2C59950E001C455C /* testxcodeUITests.swift */; };
		9C94B7912C59950E001C455C /* testxcodeUITestsLaunchTests.swift in Sources */ = {isa = PBXBuildFile; fileRef = 9C94B7902C59950E001C455C /* testxcodeUITestsLaunchTests.swift */; };
/* End PBXBuildFile section */

/* Begin PBXContainerItemProxy section */
		9C94B7812C59950D001C455C /* PBXContainerItemProxy */ = {
			isa = PBXContainerItemProxy;
			containerPortal = 9C94B7682C59950B001C455C /* Project object */;
			proxyType = 1;
			remoteGlobalIDString = 9C94B76F2C59950B001C455C;
			remoteInfo = testxcode;
		};
		9C94B78B2C59950E001C455C /* PBXContainerItemProxy */ = {
			isa = PBXContainerItemProxy;
			containerPortal = 9C94B7682C59950B001C455C /* Project object */;
			proxyType = 1;
			remoteGlobalIDString = 9C94B76F2C59950B001C455C;
			remoteInfo = testxcode;
		};
/* End PBXContainerItemProxy section */

/* Begin PBXFileReference section */
		9C94B7702C59950B001C455C /* testxcode.app */ = {isa = PBXFileReference; explicitFileType = wrapper.application; includeInIndex = 0; path = testxcode.app; sourceTree = BUILT_PRODUCTS_DIR; };
		9C94B7732C59950B001C455C /* testxcodeApp.swift */ = {isa = PBXFileReference; lastKnownFileType = sourcecode.swift; path = testxcodeApp.swift; sourceTree = "<group>"; };
		9C94B7752C59950B001C455C /* ContentView.swift */ = {isa = PBXFileReference; lastKnownFileType = sourcecode.swift; path = ContentView.swift; sourceTree = "<group>"; };
		9C94B7772C59950D001C455C /* Assets.xcassets */ = {isa = PBXFileReference; lastKnownFileType = folder.assetcatalog; path = Assets.xcassets; sourceTree = "<group>"; };
		9C94B77A2C59950D001C455C /* Preview Assets.xcassets */ = {isa = PBXFileReference; lastKnownFileType = folder.assetcatalog; path = "Preview Assets.xcassets"; sourceTree = "<group>"; };
		9C94B7802C59950D001C455C /* testxcodeTests.xctest */ = {isa = PBXFileReference; explicitFileType = wrapper.cfbundle; includeInIndex = 0; path = testxcodeTests.xctest; sourceTree = BUILT_PRODUCTS_DIR; };
		9C94B7842C59950D001C455C /* testxcodeTests.swift */ = {isa = PBXFileReference; lastKnownFileType = sourcecode.swift; path = testxcodeTests.swift; sourceTree = "<group>"; };
		9C94B78A2C59950E001C455C /* testxcodeUITests.xctest */ = {isa = PBXFileReference; explicitFileType = wrapper.cfbundle; includeInIndex = 0; path = testxcodeUITests.xctest; sourceTree = BUILT_PRODUCTS_DIR; };
		9C94B78E2C59950E001C455C /* testxcodeUITests.swift */ = {isa = PBXFileReference; lastKnownFileType = sourcecode.swift; path = testxcodeUITests.swift; sourceTree = "<group>"; };
		9C94B7902C59950E001C455C /* testxcodeUITestsLaunchTests.swift */ = {isa = PBXFileReference; lastKnownFileType = sourcecode.swift; path = testxcodeUITestsLaunchTests.swift; sourceTree = "<group>"; };
/* End PBXFileReference section */

/* Begin PBXFrameworksBuildPhase section */
		9C94B76D2C59950B001C455C /* Frameworks */ = {
			isa = PBXFrameworksBuildPhase;
			buildActionMask = 2147483647;
			files = (
			);
			runOnlyForDeploymentPostprocessing = 0;
		};
		9C94B77D2C59950D001C455C /* Frameworks */ = {
			isa = PBXFrameworksBuildPhase;
			buildActionMask = 2147483647;
			files = (
			);
			runOnlyForDeploymentPostprocessing = 0;
		};
		9C94B7872C59950E001C455C /* Frameworks */ = {
			isa = PBXFrameworksBuildPhase;
			buildActionMask = 2147483647;
			files = (
			);
			runOnlyForDeploymentPostprocessing = 0;
		};
/* End PBXFrameworksBuildPhase section */

/* Begin PBXGroup section */
		9C94B7672C59950B001C455C = {
			isa = PBXGroup;
			children = (
				9C94B7722C59950B001C455C /* testxcode */,
				9C94B7832C59950D001C455C /* testxcodeTests */,
				9C94B78D2C59950E001C455C /* testxcodeUITests */,
				9C94B7712C59950B001C455C /* Products */,
			);
			sourceTree = "<group>";
		};
		9C94B7712C59950B001C455C /* Products */ = {
			isa = PBXGroup;
			children = (
				9C94B7702C59950B001C455C /* testxcode.app */,
				9C94B7802C59950D001C455C /* testxcodeTests.xctest */,
				9C94B78A2C59950E001C455C /* testxcodeUITests.xctest */,
			);
			name = Products;
			sourceTree = "<group>";
		};
		9C94B7722C59950B001C455C /* testxcode */ = {
			isa = PBXGroup;
			children = (
				9C94B7732C59950B001C455C /* testxcodeApp.swift */,
				9C94B7752C59950B001C455C /* ContentView.swift */,
				9C94B7772C59950D001C455C /* Assets.xcassets */,
				9C94B7792C59950D001C455C /* Preview Content */,
			);
			path = testxcode;
			sourceTree = "<group>";
		};
		9C94B7792C59950D001C455C /* Preview Content */ = {
			isa = PBXGroup;
			children = (
				9C94B77A2C59950D001C455C /* Preview Assets.xcassets */,
			);
			path = "Preview Content";
			sourceTree = "<group>";
		};
		9C94B7832C59950D001C455C /* testxcodeTests */ = {
			isa = PBXGroup;
			children = (
				9C94B7842C59950D001C455C /* testxcodeTests.swift */,
			);
			path = testxcodeTests;
			sourceTree = "<group>";
		};
		9C94B78D2C59950E001C455C /* testxcodeUITests */ = {
			isa = PBXGroup;
			children = (
				9C94B78E2C59950E001C455C /* testxcodeUITests.swift */,
				9C94B7902C59950E001C455C /* testxcodeUITestsLaunchTests.swift */,
			);
			path = testxcodeUITests;
			sourceTree = "<group>";
		};
/* End PBXGroup section */

/* Begin PBXNativeTarget section */
		9C94B76F2C59950B001C455C /* testxcode */ = {
			isa = PBXNativeTarget;
			buildConfigurationList = 9C94B7942C59950E001C455C /* Build configuration list for PBXNativeTarget "testxcode" */;
			buildPhases = (
				9C94B76C2C59950B001C455C /* Sources */,
				9C94B76D2C59950B001C455C /* Frameworks */,
				9C94B76E2C59950B001C455C /* Resources */,
			);
			buildRules = (
			);
			dependencies = (
			);
			name = testxcode;
			productName = testxcode;
			productReference = 9C94B7702C59950B001C455C /* testxcode.app */;
			productType = "com.apple.product-type.application";
		};
		9C94B77F2C59950D001C455C /* testxcodeTests */ = {
			isa = PBXNativeTarget;
			buildConfigurationList = 9C94B7972C59950E001C455C /* Build configuration list for PBXNativeTarget "testxcodeTests" */;
			buildPhases = (
				9C94B77C2C59950D001C455C /* Sources */,
				9C94B77D2C59950D001C455C /* Frameworks */,
				9C94B77E2C59950D001C455C /* Resources */,
			);
			buildRules = (
			);
			dependencies = (
				9C94B7822C59950D001C455C /* PBXTargetDependency */,
			);
			name = testxcodeTests;
			productName = testxcodeTests;
			productReference = 9C94B7802C59950D001C455C /* testxcodeTests.xctest */;
			productType = "com.apple.product-type.bundle.unit-test";
		};
		9C94B7892C59950E001C455C /* testxcodeUITests */ = {
			isa = PBXNativeTarget;
			buildConfigurationList = 9C94B79A2C59950E001C455C /* Build configuration list for PBXNativeTarget "testxcodeUITests" */;
			buildPhases = (
				9C94B7862C59950E001C455C /* Sources */,
				9C94B7872C59950E001C455C /* Frameworks */,
				9C94B7882C59950E001C455C /* Resources */,
			);
			buildRules = (
			);
			dependencies = (
				9C94B78C2C59950E001C455C /* PBXTargetDependency */,
			);
			name = testxcodeUITests;
			productName = testxcodeUITests;
			productReference = 9C94B78A2C59950E001C455C /* testxcodeUITests.xctest */;
			productType = "com.apple.product-type.bundle.ui-testing";
		};
/* End PBXNativeTarget section */

/* Begin PBXProject section */
		9C94B7682C59950B001C455C /* Project object */ = {
			isa = PBXProject;
			attributes = {
				BuildIndependentTargetsInParallel = 1;
				LastSwiftUpdateCheck = 1530;
				LastUpgradeCheck = 1530;
				TargetAttributes = {
					9C94B76F2C59950B001C455C = {
						CreatedOnToolsVersion = 15.3;
					};
					9C94B77F2C59950D001C455C = {
						CreatedOnToolsVersion = 15.3;
						TestTargetID = 9C94B76F2C59950B001C455C;
					};
					9C94B7892C59950E001C455C = {
						CreatedOnToolsVersion = 15.3;
						TestTargetID = 9C94B76F2C59950B001C455C;
					};
				};
			};
			buildConfigurationList = 9C94B76B2C59950B001C455C /* Build configuration list for PBXProject "testxcode" */;
			compatibilityVersion = "Xcode 14.0";
			developmentRegion = en;
			hasScannedForEncodings = 0;
			knownRegions = (
				en,
				Base,
			);
			mainGroup = 9C94B7672C59950B001C455C;
			productRefGroup = 9C94B7712C59950B001C455C /* Products */;
			projectDirPath = "";
			projectRoot = "";
			targets = (
				9C94B76F2C59950B001C455C /* testxcode */,
				9C94B77F2C59950D001C455C /* testxcodeTests */,
				9C94B7892C59950E001C455C /* testxcodeUITests */,
			);
		};
/* End PBXProject section */

/* Begin PBXResourcesBuildPhase section */
		9C94B76E2C59950B001C455C /* Resources */ = {
			isa = PBXResourcesBuildPhase;
			buildActionMask = 2147483647;
			files = (
				9C94B77B2C59950D001C455C /* Preview Assets.xcassets in Resources */,
				9C94B7782C59950D001C455C /* Assets.xcassets in Resources */,
			);
			runOnlyForDeploymentPostprocessing = 0;
		};
		9C94B77E2C59950D001C455C /* Resources */ = {
			isa = PBXResourcesBuildPhase;
			buildActionMask = 2147483647;
			files = (
			);
			runOnlyForDeploymentPostprocessing = 0;
		};
		9C94B7882C59950E001C455C /* Resources */ = {
			isa = PBXResourcesBuildPhase;
			buildActionMask = 2147483647;
			files = (
			);
			runOnlyForDeploymentPostprocessing = 0;
		};
/* End PBXResourcesBuildPhase section */

/* Begin PBXSourcesBuildPhase section */
		9C94B76C2C59950B001C455C /* Sources */ = {
			isa = PBXSourcesBuildPhase;
			buildActionMask = 2147483647;
			files = (
				9C94B7762C59950B001C455C /* ContentView.swift in Sources */,
				9C94B7742C59950B001C455C /* testxcodeApp.swift in Sources */,
			);
			runOnlyForDeploymentPostprocessing = 0;
		};
		9C94B77C2C59950D001C455C /* Sources */ = {
			isa = PBXSourcesBuildPhase;
			buildActionMask = 2147483647;
			files = (
				9C94B7852C59950D001C455C /* testxcodeTests.swift in Sources */,
			);
			runOnlyForDeploymentPostprocessing = 0;
		};
		9C94B7862C59950E001C455C /* Sources */ = {
			isa = PBXSourcesBuildPhase;
			buildActionMask = 2147483647;
			files = (
				9C94B7912C59950E001C455C /* testxcodeUITestsLaunchTests.swift in Sources */,
				9C94B78F2C59950E001C455C /* testxcodeUITests.swift in Sources */,
			);
			runOnlyForDeploymentPostprocessing = 0;
		};
/* End PBXSourcesBuildPhase section */

/* Begin PBXTargetDependency section */
		9C94B7822C59950D001C455C /* PBXTargetDependency */ = {
			isa = PBXTargetDependency;
			target = 9C94B76F2C59950B001C455C /* testxcode */;
			targetProxy = 9C94B7812C59950D001C455C /* PBXContainerItemProxy */;
		};
		9C94B78C2C59950E001C455C /* PBXTargetDependency */ = {
			isa = PBXTargetDependency;
			target = 9C94B76F2C59950B001C455C /* testxcode */;
			targetProxy = 9C94B78B2C59950E001C455C /* PBXContainerItemProxy */;
		};
/* End PBXTargetDependency section */

/* Begin XCBuildConfiguration section */
		9C94B7922C59950E001C455C /* Debug */ = {
			isa = XCBuildConfiguration;
			buildSettings = {
				ALWAYS_SEARCH_USER_PATHS = NO;
				ASSETCATALOG_COMPILER_GENERATE_SWIFT_ASSET_SYMBOL_EXTENSIONS = YES;
				CLANG_ANALYZER_NONNULL = YES;
				CLANG_ANALYZER_NUMBER_OBJECT_CONVERSION = YES_AGGRESSIVE;
				CLANG_CXX_LANGUAGE_STANDARD = "gnu++20";
				CLANG_ENABLE_MODULES = YES;
				CLANG_ENABLE_OBJC_ARC = YES;
				CLANG_ENABLE_OBJC_WEAK = YES;
				CLANG_WARN_BLOCK_CAPTURE_AUTORELEASING = YES;
				CLANG_WARN_BOOL_CONVERSION = YES;
				CLANG_WARN_COMMA = YES;
				CLANG_WARN_CONSTANT_CONVERSION = YES;
				CLANG_WARN_DEPRECATED_OBJC_IMPLEMENTATIONS = YES;
				CLANG_WARN_DIRECT_OBJC_ISA_USAGE = YES_ERROR;
				CLANG_WARN_DOCUMENTATION_COMMENTS = YES;
				CLANG_WARN_EMPTY_BODY = YES;
				CLANG_WARN_ENUM_CONVERSION = YES;
				CLANG_WARN_INFINITE_RECURSION = YES;
				CLANG_WARN_INT_CONVERSION = YES;
				CLANG_WARN_NON_LITERAL_NULL_CONVERSION = YES;
				CLANG_WARN_OBJC_IMPLICIT_RETAIN_SELF = YES;
				CLANG_WARN_OBJC_LITERAL_CONVERSION = YES;
				CLANG_WARN_OBJC_ROOT_CLASS = YES_ERROR;
				CLANG_WARN_QUOTED_INCLUDE_IN_FRAMEWORK_HEADER = YES;
				CLANG_WARN_RANGE_LOOP_ANALYSIS = YES;
				CLANG_WARN_STRICT_PROTOTYPES = YES;
				CLANG_WARN_SUSPICIOUS_MOVE = YES;
				CLANG_WARN_UNGUARDED_AVAILABILITY = YES_AGGRESSIVE;
				CLANG_WARN_UNREACHABLE_CODE = YES;
				CLANG_WARN__DUPLICATE_METHOD_MATCH = YES;
				COPY_PHASE_STRIP = NO;
				DEBUG_INFORMATION_FORMAT = dwarf;
				ENABLE_STRICT_OBJC_MSGSEND = YES;
				ENABLE_TESTABILITY = YES;
				ENABLE_USER_SCRIPT_SANDBOXING = YES;
				GCC_C_LANGUAGE_STANDARD = gnu17;
				GCC_DYNAMIC_NO_PIC = NO;
				GCC_NO_COMMON_BLOCKS = YES;
				GCC_OPTIMIZATION_LEVEL = 0;
				GCC_PREPROCESSOR_DEFINITIONS = (
					"DEBUG=1",
					"$(inherited)",
				);
				GCC_WARN_64_TO_32_BIT_CONVERSION = YES;
				GCC_WARN_ABOUT_RETURN_TYPE = YES_ERROR;
				GCC_WARN_UNDECLARED_SELECTOR = YES;
				GCC_WARN_UNINITIALIZED_AUTOS = YES_AGGRESSIVE;
				GCC_WARN_UNUSED_FUNCTION = YES;
				GCC_WARN_UNUSED_VARIABLE = YES;
				IPHONEOS_DEPLOYMENT_TARGET = 17.4;
				LOCALIZATION_PREFERS_STRING_CATALOGS = YES;
				MTL_ENABLE_DEBUG_INFO = INCLUDE_SOURCE;
				MTL_FAST_MATH = YES;
				ONLY_ACTIVE_ARCH = YES;
				SDKROOT = iphoneos;
				SWIFT_ACTIVE_COMPILATION_CONDITIONS = "DEBUG $(inherited)";
				SWIFT_OPTIMIZATION_LEVEL = "-Onone";
			};
			name = Debug;
		};
		9C94B7932C59950E001C455C /* Release */ = {
			isa = XCBuildConfiguration;
			buildSettings = {
				ALWAYS_SEARCH_USER_PATHS = NO;
				ASSETCATALOG_COMPILER_GENERATE_SWIFT_ASSET_SYMBOL_EXTENSIONS = YES;
				CLANG_ANALYZER_NONNULL = YES;
				CLANG_ANALYZER_NUMBER_OBJECT_CONVERSION = YES_AGGRESSIVE;
				CLANG_CXX_LANGUAGE_STANDARD = "gnu++20";
				CLANG_ENABLE_MODULES = YES;
				CLANG_ENABLE_OBJC_ARC = YES;
				CLANG_ENABLE_OBJC_WEAK = YES;
				CLANG_WARN_BLOCK_CAPTURE_AUTORELEASING = YES;
				CLANG_WARN_BOOL_CONVERSION = YES;
				CLANG_WARN_COMMA = YES;
				CLANG_WARN_CONSTANT_CONVERSION = YES;
				CLANG_WARN_DEPRECATED_OBJC_IMPLEMENTATIONS = YES;
				CLANG_WARN_DIRECT_OBJC_ISA_USAGE = YES_ERROR;
				CLANG_WARN_DOCUMENTATION_COMMENTS = YES;
				CLANG_WARN_EMPTY_BODY = YES;
				CLANG_WARN_ENUM_CONVERSION = YES;
				CLANG_WARN_INFINITE_RECURSION = YES;
				CLANG_WARN_INT_CONVERSION = YES;
				CLANG_WARN_NON_LITERAL_NULL_CONVERSION = YES;
				CLANG_WARN_OBJC_IMPLICIT_RETAIN_SELF = YES;
				CLANG_WARN_OBJC_LITERAL_CONVERSION = YES;
				CLANG_WARN_OBJC_ROOT_CLASS = YES_ERROR;
				CLANG_WARN_QUOTED_INCLUDE_IN_FRAMEWORK_HEADER = YES;
				CLANG_WARN_RANGE_LOOP_ANALYSIS = YES;
				CLANG_WARN_STRICT_PROTOTYPES = YES;
				CLANG_WARN_SUSPICIOUS_MOVE = YES;
				CLANG_WARN_UNGUARDED_AVAILABILITY = YES_AGGRESSIVE;
				CLANG_WARN_UNREACHABLE_CODE = YES;
				CLANG_WARN__DUPLICATE_METHOD_MATCH = YES;
				COPY_PHASE_STRIP = NO;
				DEBUG_INFORMATION_FORMAT = "dwarf-with-dsym";
				ENABLE_NS_ASSERTIONS = NO;
				ENABLE_STRICT_OBJC_MSGSEND = YES;
				ENABLE_USER_SCRIPT_SANDBOXING = YES;
				GCC_C_LANGUAGE_STANDARD = gnu17;
				GCC_NO_COMMON_BLOCKS = YES;
				GCC_WARN_64_TO_32_BIT_CONVERSION = YES;
				GCC_WARN_ABOUT_RETURN_TYPE = YES_ERROR;
				GCC_WARN_UNDECLARED_SELECTOR = YES;
				GCC_WARN_UNINITIALIZED_AUTOS = YES_AGGRESSIVE;
				GCC_WARN_UNUSED_FUNCTION = YES;
				GCC_WARN_UNUSED_VARIABLE = YES;
				IPHONEOS_DEPLOYMENT_TARGET = 17.4;
				LOCALIZATION_PREFERS_STRING_CATALOGS = YES;
				MTL_ENABLE_DEBUG_INFO = NO;
				MTL_FAST_MATH = YES;
				SDKROOT = iphoneos;
				SWIFT_COMPILATION_MODE = wholemodule;
				VALIDATE_PRODUCT = YES;
			};
			name = Release;
		};
		9C94B7952C59950E001C455C /* Debug */ = {
			isa = XCBuildConfiguration;
			buildSettings = {
				ASSETCATALOG_COMPILER_APPICON_NAME = AppIcon;
				ASSETCATALOG_COMPILER_GLOBAL_ACCENT_COLOR_NAME = AccentColor;
				CODE_SIGN_STYLE = Automatic;
				CURRENT_PROJECT_VERSION = 1;
				DEVELOPMENT_ASSET_PATHS = "\"testxcode/Preview Content\"";
				ENABLE_PREVIEWS = YES;
				GENERATE_INFOPLIST_FILE = YES;
				INFOPLIST_KEY_UIApplicationSceneManifest_Generation = YES;
				INFOPLIST_KEY_UIApplicationSupportsIndirectInputEvents = YES;
				INFOPLIST_KEY_UILaunchScreen_Generation = YES;
				INFOPLIST_KEY_UISupportedInterfaceOrientations_iPad = "UIInterfaceOrientationPortrait UIInterfaceOrientationPortraitUpsideDown UIInterfaceOrientationLandscapeLeft UIInterfaceOrientationLandscapeRight";
				INFOPLIST_KEY_UISupportedInterfaceOrientations_iPhone = "UIInterfaceOrientationPortrait UIInterfaceOrientationLandscapeLeft UIInterfaceOrientationLandscapeRight";
				LD_RUNPATH_SEARCH_PATHS = (
					"$(inherited)",
					"@executable_path/Frameworks",
				);
				MARKETING_VERSION = 1.0;
				PRODUCT_BUNDLE_IDENTIFIER = kwk.testxcode;
				PRODUCT_NAME = "$(TARGET_NAME)";
				SWIFT_EMIT_LOC_STRINGS = YES;
				SWIFT_VERSION = 5.0;
				TARGETED_DEVICE_FAMILY = "1,2";
			};
			name = Debug;
		};
		9C94B7962C59950E001C455C /* Release */ = {
			isa = XCBuildConfiguration;
			buildSettings = {
				ASSETCATALOG_COMPILER_APPICON_NAME = AppIcon;
				ASSETCATALOG_COMPILER_GLOBAL_ACCENT_COLOR_NAME = AccentColor;
				CODE_SIGN_STYLE = Automatic;
				CURRENT_PROJECT_VERSION = 1;
				DEVELOPMENT_ASSET_PATHS = "\"testxcode/Preview Content\"";
				ENABLE_PREVIEWS = YES;
				GENERATE_INFOPLIST_FILE = YES;
				INFOPLIST_KEY_UIApplicationSceneManifest_Generation = YES;
				INFOPLIST_KEY_UIApplicationSupportsIndirectInputEvents = YES;
				INFOPLIST_KEY_UILaunchScreen_Generation = YES;
				INFOPLIST_KEY_UISupportedInterfaceOrientations_iPad = "UIInterfaceOrientationPortrait UIInterfaceOrientationPortraitUpsideDown UIInterfaceOrientationLandscapeLeft UIInterfaceOrientationLandscapeRight";
				INFOPLIST_KEY_UISupportedInterfaceOrientations_iPhone = "UIInterfaceOrientationPortrait UIInterfaceOrientationLandscapeLeft UIInterfaceOrientationLandscapeRight";
				LD_RUNPATH_SEARCH_PATHS = (
					"$(inherited)",
					"@executable_path/Frameworks",
				);
				MARKETING_VERSION = 1.0;
				PRODUCT_BUNDLE_IDENTIFIER = kwk.testxcode;
				PRODUCT_NAME = "$(TARGET_NAME)";
				SWIFT_EMIT_LOC_STRINGS = YES;
				SWIFT_VERSION = 5.0;
				TARGETED_DEVICE_FAMILY = "1,2";
			};
			name = Release;
		};
		9C94B7982C59950E001C455C /* Debug */ = {
			isa = XCBuildConfiguration;
			buildSettings = {
				ALWAYS_EMBED_SWIFT_STANDARD_LIBRARIES = YES;
				BUNDLE_LOADER = "$(TEST_HOST)";
				CODE_SIGN_STYLE = Automatic;
				CURRENT_PROJECT_VERSION = 1;
				GENERATE_INFOPLIST_FILE = YES;
				IPHONEOS_DEPLOYMENT_TARGET = 17.4;
				MARKETING_VERSION = 1.0;
				PRODUCT_BUNDLE_IDENTIFIER = kwk.testxcodeTests;
				PRODUCT_NAME = "$(TARGET_NAME)";
				SWIFT_EMIT_LOC_STRINGS = NO;
				SWIFT_VERSION = 5.0;
				TARGETED_DEVICE_FAMILY = "1,2";
				TEST_HOST = "$(BUILT_PRODUCTS_DIR)/testxcode.app/$(BUNDLE_EXECUTABLE_FOLDER_PATH)/testxcode";
			};
			name = Debug;
		};
		9C94B7992C59950E001C455C /* Release */ = {
			isa = XCBuildConfiguration;
			buildSettings = {
				ALWAYS_EMBED_SWIFT_STANDARD_LIBRARIES = YES;
				BUNDLE_LOADER = "$(TEST_HOST)";
				CODE_SIGN_STYLE = Automatic;
				CURRENT_PROJECT_VERSION = 1;
				GENERATE_INFOPLIST_FILE = YES;
				IPHONEOS_DEPLOYMENT_TARGET = 17.4;
				MARKETING_VERSION = 1.0;
				PRODUCT_BUNDLE_IDENTIFIER = kwk.testxcodeTests;
				PRODUCT_NAME = "$(TARGET_NAME)";
				SWIFT_EMIT_LOC_STRINGS = NO;
				SWIFT_VERSION = 5.0;
				TARGETED_DEVICE_FAMILY = "1,2";
				TEST_HOST = "$(BUILT_PRODUCTS_DIR)/testxcode.app/$(BUNDLE_EXECUTABLE_FOLDER_PATH)/testxcode";
			};
			name = Release;
		};
		9C94B79B2C59950E001C455C /* Debug */ = {
			isa = XCBuildConfiguration;
			buildSettings = {
				ALWAYS_EMBED_SWIFT_STANDARD_LIBRARIES = YES;
				CODE_SIGN_STYLE = Automatic;
				CURRENT_PROJECT_VERSION = 1;
				GENERATE_INFOPLIST_FILE = YES;
				MARKETING_VERSION = 1.0;
				PRODUCT_BUNDLE_IDENTIFIER = kwk.testxcodeUITests;
				PRODUCT_NAME = "$(TARGET_NAME)";
				SWIFT_EMIT_LOC_STRINGS = NO;
				SWIFT_VERSION = 5.0;
				TARGETED_DEVICE_FAMILY = "1,2";
				TEST_TARGET_NAME = testxcode;
			};
			name = Debug;
		};
		9C94B79C2C59950E001C455C /* Release */ = {
			isa = XCBuildConfiguration;
			buildSettings = {
				ALWAYS_EMBED_SWIFT_STANDARD_LIBRARIES = YES;
				CODE_SIGN_STYLE = Automatic;
				CURRENT_PROJECT_VERSION = 1;
				GENERATE_INFOPLIST_FILE = YES;
				MARKETING_VERSION = 1.0;
				PRODUCT_BUNDLE_IDENTIFIER = kwk.testxcodeUITests;
				PRODUCT_NAME = "$(TARGET_NAME)";
				SWIFT_EMIT_LOC_STRINGS = NO;
				SWIFT_VERSION = 5.0;
				TARGETED_DEVICE_FAMILY = "1,2";
				TEST_TARGET_NAME = testxcode;
			};
			name = Release;
		};
/* End XCBuildConfiguration section */

/* Begin XCConfigurationList section */
		9C94B76B2C59950B001C455C /* Build configuration list for PBXProject "testxcode" */ = {
			isa = XCConfigurationList;
			buildConfigurations = (
				9C94B7922C59950E001C455C /* Debug */,
				9C94B7932C59950E001C455C /* Release */,
			);
			defaultConfigurationIsVisible = 0;
			defaultConfigurationName = Release;
		};
		9C94B7942C59950E001C455C /* Build configuration list for PBXNativeTarget "testxcode" */ = {
			isa = XCConfigurationList;
			buildConfigurations = (
				9C94B7952C59950E001C455C /* Debug */,
				9C94B7962C59950E001C455C /* Release */,
			);
			defaultConfigurationIsVisible = 0;
			defaultConfigurationName = Release;
		};
		9C94B7972C59950E001C455C /* Build configuration list for PBXNativeTarget "testxcodeTests" */ = {
			isa = XCConfigurationList;
			buildConfigurations = (
				9C94B7982C59950E001C455C /* Debug */,
				9C94B7992C59950E001C455C /* Release */,
			);
			defaultConfigurationIsVisible = 0;
			defaultConfigurationName = Release;
		};
		9C94B79A2C59950E001C455C /* Build configuration list for PBXNativeTarget "testxcodeUITests" */ = {
			isa = XCConfigurationList;
			buildConfigurations = (
				9C94B79B2C59950E001C455C /* Debug */,
				9C94B79C2C59950E001C455C /* Release */,
			);
			defaultConfigurationIsVisible = 0;
			defaultConfigurationName = Release;
		};
/* End XCConfigurationList section */
	};
	rootObject = 9C94B7682C59950B001C455C /* Project object */;
}
